
Microsoft Visual Studio Solution File, Format Version 12.00
# Visual Studio Version 17
VisualStudioVersion = 17.1.32414.318
MinimumVisualStudioVersion = 10.0.40219.1
Project("{FAE04EC0-301F-11D3-BF4B-00C04F79EFBC}") = "Day-34-AddressBook_System_using-ER_TSQL", "Day-34-AddressBook_System_using-ER_TSQL.csproj", "{90A0BD14-6181-4F60-AACC-78967D0C2C51}"
EndProject
Global
	GlobalSection(SolutionConfigurationPlatforms) = preSolution
		Debug|Any CPU = Debug|Any CPU
		Release|Any CPU = Release|Any CPU
	EndGlobalSection
	GlobalSection(ProjectConfigurationPlatforms) = postSolution
		{90A0BD14-6181-4F60-AACC-78967D0C2C51}.Debug|Any CPU.ActiveCfg = Debug|Any CPU
		{90A0BD14-6181-4F60-AACC-78967D0C2C51}.Debug|Any CPU.Build.0 = Debug|Any CPU
		{90A0BD14-6181-4F60-AACC-78967D0C2C51}.Release|Any CPU.ActiveCfg = Release|Any CPU
		{90A0BD14-6181-4F60-AACC-78967D0C2C51}.Release|Any CPU.Build.0 = Release|Any CPU
	EndGlobalSection
	GlobalSection(SolutionProperties) = preSolution
		HideSolutionNode = FALSE
	EndGlobalSection
	GlobalSection(ExtensibilityGlobals) = postSolution
		SolutionGuid = {1978FB4E-2521-464A-B8A6-37F248A4BB27}
	EndGlobalSection
EndGlobal
